<Solution>
  <Folder Name="/engine/">
    <Project Path="engine/DWSIM.Interfaces/DWSIM.Interfaces.vbproj" />
    <Project Path="engine/DWSIM.DrawingTools.Point/DWSIM.DrawingTools.Point.vbproj" />
    <Project Path="engine/DWSIM.Drawing.SkiaSharp/DWSIM.Drawing.SkiaSharp.vbproj" />
    <Project Path="engine/DWSIM.DrawingTools.SkiaSharp.Extended/DWSIM.DrawingTools.SkiaSharp.Extended.csproj" />
    <Project Path="engine/DWSIM.DynamicsManager/DWSIM.DynamicsManager.vbproj" />
    <Project Path="engine/DWSIM.ExtensionMethods/DWSIM.ExtensionMethods.vbproj" />
    <Project Path="engine/DWSIM.FileStorage/DWSIM.FileStorage.csproj" />
    <Project Path="engine/DWSIM.FlowsheetSolver/DWSIM.FlowsheetSolver.vbproj" />
    <Project Path="engine/DWSIM.Inspector/DWSIM.Inspector.vbproj" />
    <Project Path="engine/DWSIM.GlobalSettings/DWSIM.GlobalSettings.vbproj" />
    <Project Path="engine/DWSIM.Logging/DWSIM.Logging.csproj" />
    <Project Path="engine/DWSIM.SharedClasses/DWSIM.SharedClasses.vbproj" />
    <Project Path="engine/DWSIM.SharedClassesCSharp/DWSIM.SharedClassesCSharp.csproj" />
    <Project Path="engine/DWSIM.XMLSerializer/DWSIM.XMLSerializer.vbproj" />
    <Project Path="engine/DWSIM.MathOps/DWSIM.MathOps.vbproj" />
    <Project Path="engine/DWSIM.Numerics.Ipopt.Core/DWSIM.Numerics.Ipopt.Core.csproj" />
    <Project Path="engine/DWSIM.Numerics.Ipopt.Sparse/DWSIM.Numerics.Ipopt.Sparse.csproj" />
    <Project Path="engine/DWSIM.Numerics.Ipopt/DWSIM.Numerics.Ipopt.csproj" />
    <Project Path="engine/DWSIM.MathOps.DotNumerics/DWSIM.MathOps.DotNumerics.csproj" />
    <Project Path="engine/DWSIM.MathOps.Mapack/DWSIM.MathOps.Mapack.csproj" />
    <Project Path="engine/DWSIM.MathOps.RandomOps/DWSIM.MathOps.RandomOps.csproj" />
    <Project Path="engine/DWSIM.MathOps.SimpsonIntegrator/DWSIM.MathOps.SimpsonIntegrator.csproj" />
    <Project Path="engine/DWSIM.MathOps.SwarmOps/DWSIM.MathOps.SwarmOps.csproj" />
    <Project Path="engine/DWSIM.Thermodynamics/DWSIM.Thermodynamics.vbproj" />
    <Project Path="engine/DWSIM.Thermodynamics.CoolPropInterface/DWSIM.Thermodynamics.CoolPropInterface.csproj" />
    <Project Path="engine/DWSIM.Thermodynamics.AdvancedEOS.GERG2008/DWSIM.Thermodynamics.AdvancedEOS.GERG2008.vbproj" />
    <Project Path="engine/DWSIM.Thermodynamics.AdvancedEOS.PCSAFT/DWSIM.Thermodynamics.AdvancedEOS.PCSAFT2.vbproj" />
    <Project Path="engine/DWSIM.Thermodynamics.AdvancedEOS.PRSRKTDep/DWSIM.Thermodynamics.AdvancedEOS.PRSRKTDep.vbproj" />
    <Project Path="engine/DWSIM.Thermodynamics.Databases.ChemeoLink/DWSIM.Thermodynamics.Databases.ChemeoLink.vbproj" />
    <Project Path="engine/DWSIM.Thermodynamics.Databases.DDBStructureLink/DWSIM.Thermodynamics.Databases.DDBStructureLink.vbproj" />
    <Project Path="engine/DWSIM.Thermodynamics.Databases.KDBLink/DWSIM.Thermodynamics.Databases.KDBLink.vbproj" />
    <Project Path="engine/DWSIM.Thermodynamics.Databases.ChEDLThermoLink/DWSIM.Thermodynamics.Databases.ChEDLThermoLink.vbproj" />
    <Project Path="engine/DWSIM.PhaseEquilibriumData/src/Core/DWSIM.PhaseEquilibriumData.Core.csproj" />
    <Project Path="engine/DWSIM.PhaseEquilibriumData/src/Index/DWSIM.PhaseEquilibriumData.Index.csproj" />
    <Project Path="engine/DWSIM.PhaseEquilibriumData/src/Sources/DWSIM.PhaseEquilibriumData.Sources.csproj" />
    <Project Path="engine/DWSIM.PhaseEquilibriumData/src/CLI/DWSIM.PhaseEquilibriumData.CLI.csproj" />
    <Project Path="engine/DWSIM.PureCompoundData/src/Core/DWSIM.PureCompoundData.Core.csproj" />
    <Project Path="engine/DWSIM.PureCompoundData/src/Index/DWSIM.PureCompoundData.Index.csproj" />
    <Project Path="engine/DWSIM.PureCompoundData/src/Sources/DWSIM.PureCompoundData.Sources.csproj" />
    <Project Path="engine/DWSIM.PureCompoundData/src/Estimation/DWSIM.PureCompoundData.Estimation.csproj" />
    <Project Path="engine/DWSIM.PureCompoundData/src/Fragmentation/DWSIM.PureCompoundData.Fragmentation.csproj" />
    <Project Path="engine/DWSIM.PureCompoundData/src/Builder/DWSIM.PureCompoundData.Builder.csproj" />
    <Project Path="engine/DWSIM.PureCompoundData/src/CLI/DWSIM.PureCompoundData.CLI.csproj" />
    <Project Path="engine/DWSIM.SharedClasses.DataRegression/DWSIM.SharedClasses.DataRegression.vbproj" />
    <Project Path="engine/DWSIM.UnitOperations/DWSIM.UnitOperations.vbproj" />
    <Project Path="engine/DWSIM.Thermodynamics.ReaktoroPropertyPackage/DWSIM.Thermodynamics.ReaktoroPropertyPackage.vbproj" />
    <Project Path="engine/DWSIM.FlowsheetBase/DWSIM.FlowsheetBase.vbproj" />
    <Project Path="engine/DWSIM.Automation/DWSIM.Automation.csproj" />
    <Project Path="engine/DWSIM.Automation.DynamicRunner/DWSIM.Automation.DynamicRunner.csproj" />
    <Project Path="engine/DWSIM.FluentAPI/DWSIM.FluentAPI.csproj" />
  </Folder>
  <Folder Name="/tools/">
    <Project Path="tools/DWSIM.MCPServer/DWSIM.MCPServer.csproj" />
    <Project Path="tools/IpoptKktReplay/IpoptKktReplay.csproj" />
  </Folder>
  <Folder Name="/ui/">
    <Project Path="ui/DWSIM.UI.Shared.Avalonia/DWSIM.UI.Shared.Avalonia.csproj" />
    <Project Path="ui/DWSIM.UI.Desktop.Editors.Avalonia/DWSIM.UI.Desktop.Editors.Avalonia.csproj" />
    <Project Path="ui/DWSIM.UI.Desktop.Avalonia/DWSIM.UI.Desktop.Avalonia.csproj" />
  </Folder>
  <Folder Name="/extensions/">
    <Project Path="extensions/DWSIM.Extensions.AI.Assistant/DWSIM.Extensions.AI.Assistant.vbproj" />
  </Folder>
  <Folder Name="/plugins/">
    <Project Path="plugins/DWSIM.Plugins.NaturalGas/DWSIM.Plugins.NaturalGas.vbproj" />
    <Project Path="plugins/DWSIM.Plugins.HeatOfCombustion/DWSIM.Plugins.HeatOfCombustion.vbproj" />
  </Folder>
  <Folder Name="/external/">
    <Project Path="external/ReoGrid/ReoGrid/ReoGridAvalonia.csproj" />
  </Folder>
  <Folder Name="/tests/">
    <Project Path="tests/DWSIM.Engine.SmokeTests/DWSIM.Engine.SmokeTests.csproj" />
    <Project Path="tests/DWSIM.FluentAPI.Tests/DWSIM.FluentAPI.Tests.csproj" />
    <Project Path="tests/DWSIM.Validation.Tests/DWSIM.Validation.Tests.csproj" />
    <Project Path="tests/DWSIM.GlobalSettings.Tests/DWSIM.GlobalSettings.Tests.csproj" />
    <Project Path="tests/DWSIM.MathOps.Tests/DWSIM.MathOps.Tests.csproj" />
    <Project Path="tests/DWSIM.Numerics.Ipopt.Core.Tests/DWSIM.Numerics.Ipopt.Core.Tests.csproj" />
    <Project Path="tests/DWSIM.Numerics.Ipopt.Sparse.Tests/DWSIM.Numerics.Ipopt.Sparse.Tests.csproj" />
    <Project Path="tests/DWSIM.Thermodynamics.Derivatives.Tests/DWSIM.Thermodynamics.Derivatives.Tests.csproj" />
  </Folder>
</Solution>
